
Microsoft Visual Studio Solution File, Format Version 12.00
# Visual Studio Version 17
VisualStudioVersion = 17.4.33110.190
MinimumVisualStudioVersion = 10.0.40219.1
Project("{FAE04EC0-301F-11D3-BF4B-00C04F79EFBC}") = "EsempioGeneration", "EsempioGeneration\EsempioGeneration.csproj", "{66D50FE4-53B0-43C7-9025-535B5FB23ADC}"
EndProject
Global
	GlobalSection(SolutionConfigurationPlatforms) = preSolution
		Debug|Any CPU = Debug|Any CPU
		Release|Any CPU = Release|Any CPU
	EndGlobalSection
	GlobalSection(ProjectConfigurationPlatforms) = postSolution
		{66D50FE4-53B0-43C7-9025-535B5FB23ADC}.Debug|Any CPU.ActiveCfg = Debug|Any CPU
		{66D50FE4-53B0-43C7-9025-535B5FB23ADC}.Debug|Any CPU.Build.0 = Debug|Any CPU
		{66D50FE4-53B0-43C7-9025-535B5FB23ADC}.Release|Any CPU.ActiveCfg = Release|Any CPU
		{66D50FE4-53B0-43C7-9025-535B5FB23ADC}.Release|Any CPU.Build.0 = Release|Any CPU
	EndGlobalSection
	GlobalSection(SolutionProperties) = preSolution
		HideSolutionNode = FALSE
	EndGlobalSection
	GlobalSection(ExtensibilityGlobals) = postSolution
		SolutionGuid = {5279F89D-4F69-4D6F-A52B-B717BCB42199}
	EndGlobalSection
EndGlobal
